lockfileVersion: '9.0'

settings:
  autoInstallPeers: true
  excludeLinksFromLockfile: false

importers:

  .:
    devDependencies:
      '@effect/language-service':
        specifier: ^0.40.1
        version: 0.40.1
      '@oxlint/plugins':
        specifier: ^1.51.0
        version: 1.51.0
      '@types/node':
        specifier: ^25.3.3
        version: 25.3.3
      dprint:
        specifier: ^0.52.0
        version: 0.52.0
      effect:
        specifier: 4.0.0-beta.27
        version: 4.0.0-beta.27
      oxlint:
        specifier: ^1.51.0
        version: 1.51.0
      typescript:
        specifier: ^5.9.3
        version: 5.9.3

packages:

  '@dprint/darwin-arm64@0.52.0':
    resolution: {integrity: sha512-HHpmHCeFw1V9qUU0pJrz7LihrMgQJ5DOejfI3GRCJOd2ue3Api3/ZrzNSIqUbnx/j0RT5c7zxZR5aTE0RHwRFQ==}
    cpu: [arm64]
    os: [darwin]

  '@dprint/darwin-x64@0.52.0':
    resolution: {integrity: sha512-ZuoYH/hyzFhwwFUmykkm1QvLk9u7zxpKL6M8r1fY+lINucujIoGZxW1PjRbbIXaST6nDLbQB21P7LyNncAByOg==}
    cpu: [x64]
    os: [darwin]

  '@dprint/linux-arm64-glibc@0.52.0':
    resolution: {integrity: sha512-waghQcB32CLMuCxnVRQktc7U1S2qsL4spUmvCMyu4ufhZqXf4rQn07L1NcSmQOap40q9Db8ZBmLHfHm1Kab6uA==}
    cpu: [arm64]
    os: [linux]

  '@dprint/linux-arm64-musl@0.52.0':
    resolution: {integrity: sha512-8ml2DmF8i7eEou1G5nqgMMhRir89Fsd9cMLZRPZN/FSw6Nc3vAhk2MqZIrYk2DGfoWts7jis6XvEu3/TwMP8fw==}
    cpu: [arm64]
    os: [linux]

  '@dprint/linux-loong64-glibc@0.52.0':
    resolution: {integrity: sha512-tKj7Bwtcf/zNa1onoshYfQ8CaYz0N6BRYKsovop1H1d2dsRBYAKkR/FvTaPRJp1+Sx7Lc0RjRllFezkhLMRxPw==}
    cpu: [loong64]
    os: [linux]

  '@dprint/linux-loong64-musl@0.52.0':
    resolution: {integrity: sha512-8X+ICN/Pc4B+Zog2UXNDJph5uKLf0VVUItYEQbdbwqsWGzPa27Kqri5ainlFzaDs5TFkJHQKQlphg+TLyxBQ7A==}
    cpu: [loong64]
    os: [linux]

  '@dprint/linux-riscv64-glibc@0.52.0':
    resolution: {integrity: sha512-uQb2VqSnznfZHhrAKLxpjXMc7/c3AYepllVUhcGCdrTVp1fb7inHEilT2wSXUjOipBbfPG33cZWRzAgc5/Effg==}
    cpu: [riscv64]
    os: [linux]

  '@dprint/linux-x64-glibc@0.52.0':
    resolution: {integrity: sha512-Yh3fZYUcHmII+swTUh0qgf0lEPrz4+7v3tq+vqXR8/xa3Sx8QH5MQJsJDw8Ll1mmKX5HrkBNxA5rC1lIDuFn9g==}
    cpu: [x64]
    os: [linux]

  '@dprint/linux-x64-musl@0.52.0':
    resolution: {integrity: sha512-zdcgL6+PRjyZ4HVll9DuIn2ZnnxKuU0cwXtpfUZNdy+xRh1+OedUY5aZQRDN4163vkLxV9znXQT/TS0+giph1g==}
    cpu: [x64]
    os: [linux]

  '@dprint/win32-arm64@0.52.0':
    resolution: {integrity: sha512-rQGhSbl2pcnU4Tl3xXJSPRi1smfIIf7XhVwzNOG7vcSExfcK8yYrrCS3z4VImYKqhI1kvv6gSfnIligtoyaX/g==}
    cpu: [arm64]
    os: [win32]

  '@dprint/win32-x64@0.52.0':
    resolution: {integrity: sha512-Bi4kW6z9eVtRdNSztSvjjYET4SQzX/OYqsexVyppxv24m5RNOG1h+c9F5MFJpYy9LqQBAKHOQfkzQwPrdgNOXQ==}
    cpu: [x64]
    os: [win32]

  '@effect/language-service@0.40.1':
    resolution: {integrity: sha512-q93kL2cBcyC6GUufqajZ2iN48d9MbLAlmPAxJQ0kdZEqeu+hUs+GuqPwWA/mNVmhhJutBnv5mg5YJlvcee69eg==}
    hasBin: true

  '@msgpackr-extract/msgpackr-extract-darwin-arm64@3.0.3':
    resolution: {integrity: sha512-QZHtlVgbAdy2zAqNA9Gu1UpIuI8Xvsd1v8ic6B2pZmeFnFcMWiPLfWXh7TVw4eGEZ/C9TH281KwhVoeQUKbyjw==}
    cpu: [arm64]
    os: [darwin]

  '@msgpackr-extract/msgpackr-extract-darwin-x64@3.0.3':
    resolution: {integrity: sha512-mdzd3AVzYKuUmiWOQ8GNhl64/IoFGol569zNRdkLReh6LRLHOXxU4U8eq0JwaD8iFHdVGqSy4IjFL4reoWCDFw==}
    cpu: [x64]
    os: [darwin]

  '@msgpackr-extract/msgpackr-extract-linux-arm64@3.0.3':
    resolution: {integrity: sha512-YxQL+ax0XqBJDZiKimS2XQaf+2wDGVa1enVRGzEvLLVFeqa5kx2bWbtcSXgsxjQB7nRqqIGFIcLteF/sHeVtQg==}
    cpu: [arm64]
    os: [linux]

  '@msgpackr-extract/msgpackr-extract-linux-arm@3.0.3':
    resolution: {integrity: sha512-fg0uy/dG/nZEXfYilKoRe7yALaNmHoYeIoJuJ7KJ+YyU2bvY8vPv27f7UKhGRpY6euFYqEVhxCFZgAUNQBM3nw==}
    cpu: [arm]
    os: [linux]

  '@msgpackr-extract/msgpackr-extract-linux-x64@3.0.3':
    resolution: {integrity: sha512-cvwNfbP07pKUfq1uH+S6KJ7dT9K8WOE4ZiAcsrSes+UY55E/0jLYc+vq+DO7jlmqRb5zAggExKm0H7O/CBaesg==}
    cpu: [x64]
    os: [linux]

  '@msgpackr-extract/msgpackr-extract-win32-x64@3.0.3':
    resolution: {integrity: sha512-x0fWaQtYp4E6sktbsdAqnehxDgEc/VwM7uLsRCYWaiGu0ykYdZPiS8zCWdnjHwyiumousxfBm4SO31eXqwEZhQ==}
    cpu: [x64]
    os: [win32]

  '@oxlint/binding-android-arm-eabi@1.51.0':
    resolution: {integrity: sha512-jJYIqbx4sX+suIxWstc4P7SzhEwb4ArWA2KVrmEuu9vH2i0qM6QIHz/ehmbGE4/2fZbpuMuBzTl7UkfNoqiSgw==}
    engines: {node: ^20.19.0 || >=22.12.0}
    cpu: [arm]
    os: [android]

  '@oxlint/binding-android-arm64@1.51.0':
    resolution: {integrity: sha512-GtXyBCcH4ti98YdiMNCrpBNGitx87EjEWxevnyhcBK12k/Vu4EzSB45rzSC4fGFUD6sQgeaxItRCEEWeVwPafw==}
    engines: {node: ^20.19.0 || >=22.12.0}
    cpu: [arm64]
    os: [android]

  '@oxlint/binding-darwin-arm64@1.51.0':
    resolution: {integrity: sha512-3QJbeYaMHn6Bh2XeBXuITSsbnIctyTjvHf5nRjKYrT9pPeErNIpp5VDEeAXC0CZSwSVTsc8WOSDwgrAI24JolQ==}
    engines: {node: ^20.19.0 || >=22.12.0}
    cpu: [arm64]
    os: [darwin]

  '@oxlint/binding-darwin-x64@1.51.0':
    resolution: {integrity: sha512-NzErhMaTEN1cY0E8C5APy74lw5VwsNfJfVPBMWPVQLqAbO0k4FFLjvHURvkUL+Y18Wu+8Vs1kbqPh2hjXYA4pg==}
    engines: {node: ^20.19.0 || >=22.12.0}
    cpu: [x64]
    os: [darwin]

  '@oxlint/binding-freebsd-x64@1.51.0':
    resolution: {integrity: sha512-msAIh3vPAoKoHlOE/oe6Q5C/n9umypv/k81lED82ibrJotn+3YG2Qp1kiR8o/Dg5iOEU97c6tl0utxcyFenpFw==}
    engines: {node: ^20.19.0 || >=22.12.0}
    cpu: [x64]
    os: [freebsd]

  '@oxlint/binding-linux-arm-gnueabihf@1.51.0':
    resolution: {integrity: sha512-CqQPcvqYyMe9ZBot2stjGogEzk1z8gGAngIX7srSzrzexmXixwVxBdFZyxTVM0CjGfDeV+Ru0w25/WNjlMM2Hw==}
    engines: {node: ^20.19.0 || >=22.12.0}
    cpu: [arm]
    os: [linux]

  '@oxlint/binding-linux-arm-musleabihf@1.51.0':
    resolution: {integrity: sha512-dstrlYQgZMnyOssxSbolGCge/sDbko12N/35RBNuqLpoPbft2aeBidBAb0dvQlyBd9RJ6u8D4o4Eh8Un6iTgyQ==}
    engines: {node: ^20.19.0 || >=22.12.0}
    cpu: [arm]
    os: [linux]

  '@oxlint/binding-linux-arm64-gnu@1.51.0':
    resolution: {integrity: sha512-QEjUpXO7d35rP1/raLGGbAsBLLGZIzV3ZbeSjqWlD3oRnxpRIZ6iL4o51XQHkconn3uKssc+1VKdtHJ81BBhDA==}
    engines: {node: ^20.19.0 || >=22.12.0}
    cpu: [arm64]
    os: [linux]

  '@oxlint/binding-linux-arm64-musl@1.51.0':
    resolution: {integrity: sha512-YSJua5irtG4DoMAjUapDTPhkQLHhBIY0G9JqlZS6/SZPzqDkPku/1GdWs0D6h/wyx0Iz31lNCfIaWKBQhzP0wQ==}
    engines: {node: ^20.19.0 || >=22.12.0}
    cpu: [arm64]
    os: [linux]

  '@oxlint/binding-linux-ppc64-gnu@1.51.0':
    resolution: {integrity: sha512-7L4Wj2IEUNDETKssB9IDYt16T6WlF+X2jgC/hBq3diGHda9vJLpAgb09+D3quFq7TdkFtI7hwz/jmuQmQFPc1Q==}
    engines: {node: ^20.19.0 || >=22.12.0}
    cpu: [ppc64]
    os: [linux]

  '@oxlint/binding-linux-riscv64-gnu@1.51.0':
    resolution: {integrity: sha512-cBUHqtOXy76G41lOB401qpFoKx1xq17qYkhWrLSM7eEjiHM9sOtYqpr6ZdqCnN9s6ZpzudX4EkeHOFH2E9q0vA==}
    engines: {node: ^20.19.0 || >=22.12.0}
    cpu: [riscv64]
    os: [linux]

  '@oxlint/binding-linux-riscv64-musl@1.51.0':
    resolution: {integrity: sha512-WKbg8CysgZcHfZX0ixQFBRSBvFZUHa3SBnEjHY2FVYt2nbNJEjzTxA3ZR5wMU0NOCNKIAFUFvAh5/XJKPRJuJg==}
    engines: {node: ^20.19.0 || >=22.12.0}
    cpu: [riscv64]
    os: [linux]

  '@oxlint/binding-linux-s390x-gnu@1.51.0':
    resolution: {integrity: sha512-N1QRUvJTxqXNSu35YOufdjsAVmKVx5bkrggOWAhTWBc3J4qjcBwr1IfyLh/6YCg8sYRSR1GraldS9jUgJL/U4A==}
    engines: {node: ^20.19.0 || >=22.12.0}
    cpu: [s390x]
    os: [linux]

  '@oxlint/binding-linux-x64-gnu@1.51.0':
    resolution: {integrity: sha512-e0Mz0DizsCoqNIjeOg6OUKe8JKJWZ5zZlwsd05Bmr51Jo3AOL4UJnPvwKumr4BBtBrDZkCmOLhCvDGm95nJM2g==}
    engines: {node: ^20.19.0 || >=22.12.0}
    cpu: [x64]
    os: [linux]

  '@oxlint/binding-linux-x64-musl@1.51.0':
    resolution: {integrity: sha512-wD8HGTWhYBKXvRDvoBVB1y+fEYV01samhWQSy1Zkxq2vpezvMnjaFKRuiP6tBNITLGuffbNDEXOwcAhJ3gI5Ug==}
    engines: {node: ^20.19.0 || >=22.12.0}
    cpu: [x64]
    os: [linux]

  '@oxlint/binding-openharmony-arm64@1.51.0':
    resolution: {integrity: sha512-5NSwQ2hDEJ0GPXqikjWtwzgAQCsS7P9aLMNenjjKa+gknN3lTCwwwERsT6lKXSirfU3jLjexA2XQvQALh5h27w==}
    engines: {node: ^20.19.0 || >=22.12.0}
    cpu: [arm64]
    os: [openharmony]

  '@oxlint/binding-win32-arm64-msvc@1.51.0':
    resolution: {integrity: sha512-JEZyah1M0RHMw8d+jjSSJmSmO8sABA1J1RtrHYujGPeCkYg1NeH0TGuClpe2h5QtioRTaF57y/TZfn/2IFV6fA==}
    engines: {node: ^20.19.0 || >=22.12.0}
    cpu: [arm64]
    os: [win32]

  '@oxlint/binding-win32-ia32-msvc@1.51.0':
    resolution: {integrity: sha512-q3cEoKH6kwjz/WRyHwSf0nlD2F5Qw536kCXvmlSu+kaShzgrA0ojmh45CA81qL+7udfCaZL2SdKCZlLiGBVFlg==}
    engines: {node: ^20.19.0 || >=22.12.0}
    cpu: [ia32]
    os: [win32]

  '@oxlint/binding-win32-x64-msvc@1.51.0':
    resolution: {integrity: sha512-Q14+fOGb9T28nWF/0EUsYqERiRA7cl1oy4TJrGmLaqhm+aO2cV+JttboHI3CbdeMCAyDI1+NoSlrM7Melhp/cw==}
    engines: {node: ^20.19.0 || >=22.12.0}
    cpu: [x64]
    os: [win32]

  '@oxlint/plugins@1.51.0':
    resolution: {integrity: sha512-0FUo6yQU3AAxo6iSzATC9NO/5SqlYKOQTpLWM/66/AjkCuFHuGzUfXUZL830tjhpmzfyBr3nzhNusMm1lzzdyg==}
    engines: {node: ^12.22.0 || ^14.17.0 || >=16.0.0}

  '@standard-schema/spec@1.1.0':
    resolution: {integrity: sha512-l2aFy5jALhniG5HgqrD6jXLi/rUWrKvqN/qJx6yoJsgKhblVd+iqqU4RCXavm/jPityDo5TCvKMnpjKnOriy0w==}

  '@types/node@25.3.3':
    resolution: {integrity: sha512-DpzbrH7wIcBaJibpKo9nnSQL0MTRdnWttGyE5haGwK86xgMOkFLp7vEyfQPGLOJh5wNYiJ3V9PmUMDhV9u8kkQ==}

  detect-libc@2.1.2:
    resolution: {integrity: sha512-Btj2BOOO83o3WyH59e8MgXsxEQVcarkUOpEYrubB0urwnN10yQ364rsiByU11nZlqWYZm05i/of7io4mzihBtQ==}
    engines: {node: '>=8'}

  dprint@0.52.0:
    resolution: {integrity: sha512-qXf3B6/G4E6SJKngfo7a0z1ja21o/JJ55cF8xyhyIqvJGrpJ96vhXLr37RrbWBWIj8eV+hquBkCAV6jCwenQYA==}
    hasBin: true

  effect@4.0.0-beta.27:
    resolution: {integrity: sha512-bNQEF3vaVGF8jAJ+HW1A4DaxVNmujgEu89sO+VNW1AvUYtPGMtKPTBU15K9inu1rG+hkxNFFRlVvLAJsdaE2mg==}

  fast-check@4.5.3:
    resolution: {integrity: sha512-IE9csY7lnhxBnA8g/WI5eg/hygA6MGWJMSNfFRrBlXUciADEhS1EDB0SIsMSvzubzIlOBbVITSsypCsW717poA==}
    engines: {node: '>=12.17.0'}

  find-my-way-ts@0.1.6:
    resolution: {integrity: sha512-a85L9ZoXtNAey3Y6Z+eBWW658kO/MwR7zIafkIUPUMf3isZG0NCs2pjW2wtjxAKuJPxMAsHUIP4ZPGv0o5gyTA==}

  ini@6.0.0:
    resolution: {integrity: sha512-IBTdIkzZNOpqm7q3dRqJvMaldXjDHWkEDfrwGEQTs5eaQMWV+djAhR+wahyNNMAa+qpbDUhBMVt4ZKNwpPm7xQ==}
    engines: {node: ^20.17.0 || >=22.9.0}

  kubernetes-types@1.30.0:
    resolution: {integrity: sha512-Dew1okvhM/SQcIa2rcgujNndZwU8VnSapDgdxlYoB84ZlpAD43U6KLAFqYo17ykSFGHNPrg0qry0bP+GJd9v7Q==}

  msgpackr-extract@3.0.3:
    resolution: {integrity: sha512-P0efT1C9jIdVRefqjzOQ9Xml57zpOXnIuS+csaB4MdZbTdmGDLo8XhzBG1N7aO11gKDDkJvBLULeFTo46wwreA==}
    hasBin: true

  msgpackr@1.11.8:
    resolution: {integrity: sha512-bC4UGzHhVvgDNS7kn9tV8fAucIYUBuGojcaLiz7v+P63Lmtm0Xeji8B/8tYKddALXxJLpwIeBmUN3u64C4YkRA==}

  multipasta@0.2.7:
    resolution: {integrity: sha512-KPA58d68KgGil15oDqXjkUBEBYc00XvbPj5/X+dyzeo/lWm9Nc25pQRlf1D+gv4OpK7NM0J1odrbu9JNNGvynA==}

  node-gyp-build-optional-packages@5.2.2:
    resolution: {integrity: sha512-s+w+rBWnpTMwSFbaE0UXsRlg7hU4FjekKU4eyAih5T8nJuNZT1nNsskXpxmeqSK9UzkBl6UgRlnKc8hz8IEqOw==}
    hasBin: true

  oxlint@1.51.0:
    resolution: {integrity: sha512-g6DNPaV9/WI9MoX2XllafxQuxwY1TV++j7hP8fTJByVBuCoVtm3dy9f/2vtH/HU40JztcgWF4G7ua+gkainklQ==}
    engines: {node: ^20.19.0 || >=22.12.0}
    hasBin: true
    peerDependencies:
      oxlint-tsgolint: '>=0.15.0'
    peerDependenciesMeta:
      oxlint-tsgolint:
        optional: true

  pure-rand@7.0.1:
    resolution: {integrity: sha512-oTUZM/NAZS8p7ANR3SHh30kXB+zK2r2BPcEn/awJIbOvq82WoMN4p62AWWp3Hhw50G0xMsw1mhIBLqHw64EcNQ==}

  toml@3.0.0:
    resolution: {integrity: sha512-y/mWCZinnvxjTKYhJ+pYxwD0mRLVvOtdS2Awbgxln6iEnt4rk0yBxeSBHkGJcPucRiG0e55mwWp+g/05rsrd6w==}

  typescript@5.9.3:
    resolution: {integrity: sha512-jl1vZzPDinLr9eUt3J/t7V6FgNEw9QjvBPdysz9KfQDD41fQrC2Y4vKQdiaUpFT4bXlb1RHhLpp8wtm6M5TgSw==}
    engines: {node: '>=14.17'}
    hasBin: true

  undici-types@7.18.2:
    resolution: {integrity: sha512-AsuCzffGHJybSaRrmr5eHr81mwJU3kjw6M+uprWvCXiNeN9SOGwQ3Jn8jb8m3Z6izVgknn1R0FTCEAP2QrLY/w==}

  uuid@13.0.0:
    resolution: {integrity: sha512-XQegIaBTVUjSHliKqcnFqYypAd4S+WCYt5NIeRs6w/UAry7z8Y9j5ZwRRL4kzq9U3sD6v+85er9FvkEaBpji2w==}
    hasBin: true

  yaml@2.8.2:
    resolution: {integrity: sha512-mplynKqc1C2hTVYxd0PU2xQAc22TI1vShAYGksCCfxbn/dFwnHTNi1bvYsBTkhdUNtGIf5xNOg938rrSSYvS9A==}
    engines: {node: '>= 14.6'}
    hasBin: true

snapshots:

  '@dprint/darwin-arm64@0.52.0':
    optional: true

  '@dprint/darwin-x64@0.52.0':
    optional: true

  '@dprint/linux-arm64-glibc@0.52.0':
    optional: true

  '@dprint/linux-arm64-musl@0.52.0':
    optional: true

  '@dprint/linux-loong64-glibc@0.52.0':
    optional: true

  '@dprint/linux-loong64-musl@0.52.0':
    optional: true

  '@dprint/linux-riscv64-glibc@0.52.0':
    optional: true

  '@dprint/linux-x64-glibc@0.52.0':
    optional: true

  '@dprint/linux-x64-musl@0.52.0':
    optional: true

  '@dprint/win32-arm64@0.52.0':
    optional: true

  '@dprint/win32-x64@0.52.0':
    optional: true

  '@effect/language-service@0.40.1': {}

  '@msgpackr-extract/msgpackr-extract-darwin-arm64@3.0.3':
    optional: true

  '@msgpackr-extract/msgpackr-extract-darwin-x64@3.0.3':
    optional: true

  '@msgpackr-extract/msgpackr-extract-linux-arm64@3.0.3':
    optional: true

  '@msgpackr-extract/msgpackr-extract-linux-arm@3.0.3':
    optional: true

  '@msgpackr-extract/msgpackr-extract-linux-x64@3.0.3':
    optional: true

  '@msgpackr-extract/msgpackr-extract-win32-x64@3.0.3':
    optional: true

  '@oxlint/binding-android-arm-eabi@1.51.0':
    optional: true

  '@oxlint/binding-android-arm64@1.51.0':
    optional: true

  '@oxlint/binding-darwin-arm64@1.51.0':
    optional: true

  '@oxlint/binding-darwin-x64@1.51.0':
    optional: true

  '@oxlint/binding-freebsd-x64@1.51.0':
    optional: true

  '@oxlint/binding-linux-arm-gnueabihf@1.51.0':
    optional: true

  '@oxlint/binding-linux-arm-musleabihf@1.51.0':
    optional: true

  '@oxlint/binding-linux-arm64-gnu@1.51.0':
    optional: true

  '@oxlint/binding-linux-arm64-musl@1.51.0':
    optional: true

  '@oxlint/binding-linux-ppc64-gnu@1.51.0':
    optional: true

  '@oxlint/binding-linux-riscv64-gnu@1.51.0':
    optional: true

  '@oxlint/binding-linux-riscv64-musl@1.51.0':
    optional: true

  '@oxlint/binding-linux-s390x-gnu@1.51.0':
    optional: true

  '@oxlint/binding-linux-x64-gnu@1.51.0':
    optional: true

  '@oxlint/binding-linux-x64-musl@1.51.0':
    optional: true

  '@oxlint/binding-openharmony-arm64@1.51.0':
    optional: true

  '@oxlint/binding-win32-arm64-msvc@1.51.0':
    optional: true

  '@oxlint/binding-win32-ia32-msvc@1.51.0':
    optional: true

  '@oxlint/binding-win32-x64-msvc@1.51.0':
    optional: true

  '@oxlint/plugins@1.51.0': {}

  '@standard-schema/spec@1.1.0': {}

  '@types/node@25.3.3':
    dependencies:
      undici-types: 7.18.2

  detect-libc@2.1.2:
    optional: true

  dprint@0.52.0:
    optionalDependencies:
      '@dprint/darwin-arm64': 0.52.0
      '@dprint/darwin-x64': 0.52.0
      '@dprint/linux-arm64-glibc': 0.52.0
      '@dprint/linux-arm64-musl': 0.52.0
      '@dprint/linux-loong64-glibc': 0.52.0
      '@dprint/linux-loong64-musl': 0.52.0
      '@dprint/linux-riscv64-glibc': 0.52.0
      '@dprint/linux-x64-glibc': 0.52.0
      '@dprint/linux-x64-musl': 0.52.0
      '@dprint/win32-arm64': 0.52.0
      '@dprint/win32-x64': 0.52.0

  effect@4.0.0-beta.27:
    dependencies:
      '@standard-schema/spec': 1.1.0
      fast-check: 4.5.3
      find-my-way-ts: 0.1.6
      ini: 6.0.0
      kubernetes-types: 1.30.0
      msgpackr: 1.11.8
      multipasta: 0.2.7
      toml: 3.0.0
      uuid: 13.0.0
      yaml: 2.8.2

  fast-check@4.5.3:
    dependencies:
      pure-rand: 7.0.1

  find-my-way-ts@0.1.6: {}

  ini@6.0.0: {}

  kubernetes-types@1.30.0: {}

  msgpackr-extract@3.0.3:
    dependencies:
      node-gyp-build-optional-packages: 5.2.2
    optionalDependencies:
      '@msgpackr-extract/msgpackr-extract-darwin-arm64': 3.0.3
      '@msgpackr-extract/msgpackr-extract-darwin-x64': 3.0.3
      '@msgpackr-extract/msgpackr-extract-linux-arm': 3.0.3
      '@msgpackr-extract/msgpackr-extract-linux-arm64': 3.0.3
      '@msgpackr-extract/msgpackr-extract-linux-x64': 3.0.3
      '@msgpackr-extract/msgpackr-extract-win32-x64': 3.0.3
    optional: true

  msgpackr@1.11.8:
    optionalDependencies:
      msgpackr-extract: 3.0.3

  multipasta@0.2.7: {}

  node-gyp-build-optional-packages@5.2.2:
    dependencies:
      detect-libc: 2.1.2
    optional: true

  oxlint@1.51.0:
    optionalDependencies:
      '@oxlint/binding-android-arm-eabi': 1.51.0
      '@oxlint/binding-android-arm64': 1.51.0
      '@oxlint/binding-darwin-arm64': 1.51.0
      '@oxlint/binding-darwin-x64': 1.51.0
      '@oxlint/binding-freebsd-x64': 1.51.0
      '@oxlint/binding-linux-arm-gnueabihf': 1.51.0
      '@oxlint/binding-linux-arm-musleabihf': 1.51.0
      '@oxlint/binding-linux-arm64-gnu': 1.51.0
      '@oxlint/binding-linux-arm64-musl': 1.51.0
      '@oxlint/binding-linux-ppc64-gnu': 1.51.0
      '@oxlint/binding-linux-riscv64-gnu': 1.51.0
      '@oxlint/binding-linux-riscv64-musl': 1.51.0
      '@oxlint/binding-linux-s390x-gnu': 1.51.0
      '@oxlint/binding-linux-x64-gnu': 1.51.0
      '@oxlint/binding-linux-x64-musl': 1.51.0
      '@oxlint/binding-openharmony-arm64': 1.51.0
      '@oxlint/binding-win32-arm64-msvc': 1.51.0
      '@oxlint/binding-win32-ia32-msvc': 1.51.0
      '@oxlint/binding-win32-x64-msvc': 1.51.0

  pure-rand@7.0.1: {}

  toml@3.0.0: {}

  typescript@5.9.3: {}

  undici-types@7.18.2: {}

  uuid@13.0.0: {}

  yaml@2.8.2: {}
